// !$*UTF8*$!
{
	archiveVersion = 1;
	classes = {
	};
	objectVersion = 50;
	objects = {

/* Begin PBXBuildFile section */
		0D462A222408B9150067EBAE /* AppDelegate.m in Sources */ = {isa = PBXBuildFile; fileRef = 0D462A212408B9150067EBAE /* AppDelegate.m */; };
		0D462A252408B9150067EBAE /* ViewController.m in Sources */ = {isa = PBXBuildFile; fileRef = 0D462A242408B9150067EBAE /* ViewController.m */; };
		0D462A282408B9150067EBAE /* Main.storyboard in Resources */ = {isa = PBXBuildFile; fileRef = 0D462A262408B9150067EBAE /* Main.storyboard */; };
		0D462A2A2408B9160067EBAE /* Assets.xcassets in Resources */ = {isa = PBXBuildFile; fileRef = 0D462A292408B9160067EBAE /* Assets.xcassets */; };
		0D462A2D2408B9160067EBAE /* LaunchScreen.storyboard in Resources */ = {isa = PBXBuildFile; fileRef = 0D462A2B2408B9160067EBAE /* LaunchScreen.storyboard */; };
		0D462A302408B9160067EBAE /* main.m in Sources */ = {isa = PBXBuildFile; fileRef = 0D462A2F2408B9160067EBAE /* main.m */; };
		0D462A3A2408B9160067EBAE /* TestTests.m in Sources */ = {isa = PBXBuildFile; fileRef = 0D462A392408B9160067EBAE /* TestTests.m */; };
		0D462A452408B9160067EBAE /* TestUITests.m in Sources */ = {isa = PBXBuildFile; fileRef = 0D462A442408B9160067EBAE /* TestUITests.m */; };
		0D462A552408E0080067EBAE /* Networking.m in Sources */ = {isa = PBXBuildFile; fileRef = 0D462A542408E0080067EBAE /* Networking.m */; };
		0DA6851524188AC10018B78C /* BLTUIResponseAreaButton.m in Sources */ = {isa = PBXBuildFile; fileRef = 0DA6850324188AC10018B78C /* BLTUIResponseAreaButton.m */; };
		0DA6851624188AC10018B78C /* UILabel+YBAttributeTextTapAction.m in Sources */ = {isa = PBXBuildFile; fileRef = 0DA6850724188AC10018B78C /* UILabel+YBAttributeTextTapAction.m */; };
		0DA6851724188AC10018B78C /* UIView+UITool.m in Sources */ = {isa = PBXBuildFile; fileRef = 0DA6850824188AC10018B78C /* UIView+UITool.m */; };
		0DA6851824188AC10018B78C /* BLTTextFieldView.m in Sources */ = {isa = PBXBuildFile; fileRef = 0DA6850A24188AC10018B78C /* BLTTextFieldView.m */; };
		0DA6851924188AC10018B78C /* BLTAlertAction.m in Sources */ = {isa = PBXBuildFile; fileRef = 0DA6850B24188AC10018B78C /* BLTAlertAction.m */; };
		0DA6851A24188AC10018B78C /* BLTAlertController.m in Sources */ = {isa = PBXBuildFile; fileRef = 0DA6850C24188AC10018B78C /* BLTAlertController.m */; };
		0DA6851B24188AC10018B78C /* .gitkeep in Resources */ = {isa = PBXBuildFile; fileRef = 0DA6851224188AC10018B78C /* .gitkeep */; };
/* End PBXBuildFile section */

/* Begin PBXContainerItemProxy section */
		0D462A362408B9160067EBAE /* PBXContainerItemProxy */ = {
			isa = PBXContainerItemProxy;
			containerPortal = 0D462A152408B9150067EBAE /* Project object */;
			proxyType = 1;
			remoteGlobalIDString = 0D462A1C2408B9150067EBAE;
			remoteInfo = Test;
		};
		0D462A412408B9160067EBAE /* PBXContainerItemProxy */ = {
			isa = PBXContainerItemProxy;
			containerPortal = 0D462A152408B9150067EBAE /* Project object */;
			proxyType = 1;
			remoteGlobalIDString = 0D462A1C2408B9150067EBAE;
			remoteInfo = Test;
		};
/* End PBXContainerItemProxy section */

/* Begin PBXFileReference section */
		0D462A1D2408B9150067EBAE /* Test.app */ = {isa = PBXFileReference; explicitFileType = wrapper.application; includeInIndex = 0; path = Test.app; sourceTree = BUILT_PRODUCTS_DIR; };
		0D462A202408B9150067EBAE /* AppDelegate.h */ = {isa = PBXFileReference; lastKnownFileType = sourcecode.c.h; path = AppDelegate.h; sourceTree = "<group>"; };
		0D462A212408B9150067EBAE /* AppDelegate.m */ = {isa = PBXFileReference; lastKnownFileType = sourcecode.c.objc; path = AppDelegate.m; sourceTree = "<group>"; };
		0D462A232408B9150067EBAE /* ViewController.h */ = {isa = PBXFileReference; lastKnownFileType = sourcecode.c.h; path = ViewController.h; sourceTree = "<group>"; };
		0D462A242408B9150067EBAE /* ViewController.m */ = {isa = PBXFileReference; lastKnownFileType = sourcecode.c.objc; path = ViewController.m; sourceTree = "<group>"; };
		0D462A272408B9150067EBAE /* Base */ = {isa = PBXFileReference; lastKnownFileType = file.storyboard; name = Base; path = Base.lproj/Main.storyboard; sourceTree = "<group>"; };
		0D462A292408B9160067EBAE /* Assets.xcassets */ = {isa = PBXFileReference; lastKnownFileType = folder.assetcatalog; path = Assets.xcassets; sourceTree = "<group>"; };
		0D462A2C2408B9160067EBAE /* Base */ = {isa = PBXFileReference; lastKnownFileType = file.storyboard; name = Base; path = Base.lproj/LaunchScreen.storyboard; sourceTree = "<group>"; };
		0D462A2E2408B9160067EBAE /* Info.plist */ = {isa = PBXFileReference; lastKnownFileType = text.plist.xml; path = Info.plist; sourceTree = "<group>"; };
		0D462A2F2408B9160067EBAE /* main.m */ = {isa = PBXFileReference; lastKnownFileType = sourcecode.c.objc; path = main.m; sourceTree = "<group>"; };
		0D462A352408B9160067EBAE /* TestTests.xctest */ = {isa = PBXFileReference; explicitFileType = wrapper.cfbundle; includeInIndex = 0; path = TestTests.xctest; sourceTree = BUILT_PRODUCTS_DIR; };
		0D462A392408B9160067EBAE /* TestTests.m */ = {isa = PBXFileReference; lastKnownFileType = sourcecode.c.objc; path = TestTests.m; sourceTree = "<group>"; };
		0D462A3B2408B9160067EBAE /* Info.plist */ = {isa = PBXFileReference; lastKnownFileType = text.plist.xml; path = Info.plist; sourceTree = "<group>"; };
		0D462A402408B9160067EBAE /* TestUITests.xctest */ = {isa = PBXFileReference; explicitFileType = wrapper.cfbundle; includeInIndex = 0; path = TestUITests.xctest; sourceTree = BUILT_PRODUCTS_DIR; };
		0D462A442408B9160067EBAE /* TestUITests.m */ = {isa = PBXFileReference; lastKnownFileType = sourcecode.c.objc; path = TestUITests.m; sourceTree = "<group>"; };
		0D462A462408B9160067EBAE /* Info.plist */ = {isa = PBXFileReference; lastKnownFileType = text.plist.xml; path = Info.plist; sourceTree = "<group>"; };
		0D462A532408E0080067EBAE /* Networking.h */ = {isa = PBXFileReference; lastKnownFileType = sourcecode.c.h; path = Networking.h; sourceTree = "<group>"; };
		0D462A542408E0080067EBAE /* Networking.m */ = {isa = PBXFileReference; lastKnownFileType = sourcecode.c.objc; path = Networking.m; sourceTree = "<group>"; };
		0DA6850224188AC10018B78C /* BLTUIResponseAreaButton.h */ = {isa = PBXFileReference; fileEncoding = 4; lastKnownFileType = sourcecode.c.h; path = BLTUIResponseAreaButton.h; sourceTree = "<group>"; };
		0DA6850324188AC10018B78C /* BLTUIResponseAreaButton.m */ = {isa = PBXFileReference; fileEncoding = 4; lastKnownFileType = sourcecode.c.objc; path = BLTUIResponseAreaButton.m; sourceTree = "<group>"; };
		0DA6850524188AC10018B78C /* UIView+UITool.h */ = {isa = PBXFileReference; fileEncoding = 4; lastKnownFileType = sourcecode.c.h; path = "UIView+UITool.h"; sourceTree = "<group>"; };
		0DA6850624188AC10018B78C /* UILabel+YBAttributeTextTapAction.h */ = {isa = PBXFileReference; fileEncoding = 4; lastKnownFileType = sourcecode.c.h; path = "UILabel+YBAttributeTextTapAction.h"; sourceTree = "<group>"; };
		0DA6850724188AC10018B78C /* UILabel+YBAttributeTextTapAction.m */ = {isa = PBXFileReference; fileEncoding = 4; lastKnownFileType = sourcecode.c.objc; path = "UILabel+YBAttributeTextTapAction.m"; sourceTree = "<group>"; };
		0DA6850824188AC10018B78C /* UIView+UITool.m */ = {isa = PBXFileReference; fileEncoding = 4; lastKnownFileType = sourcecode.c.objc; path = "UIView+UITool.m"; sourceTree = "<group>"; };
		0DA6850A24188AC10018B78C /* BLTTextFieldView.m */ = {isa = PBXFileReference; fileEncoding = 4; lastKnownFileType = sourcecode.c.objc; path = BLTTextFieldView.m; sourceTree = "<group>"; };
		0DA6850B24188AC10018B78C /* BLTAlertAction.m */ = {isa = PBXFileReference; fileEncoding = 4; lastKnownFileType = sourcecode.c.objc; path = BLTAlertAction.m; sourceTree = "<group>"; };
		0DA6850C24188AC10018B78C /* BLTAlertController.m */ = {isa = PBXFileReference; fileEncoding = 4; lastKnownFileType = sourcecode.c.objc; path = BLTAlertController.m; sourceTree = "<group>"; };
		0DA6850D24188AC10018B78C /* BLTTextFieldView.h */ = {isa = PBXFileReference; fileEncoding = 4; lastKnownFileType = sourcecode.c.h; path = BLTTextFieldView.h; sourceTree = "<group>"; };
		0DA6850E24188AC10018B78C /* BLTAlertAction.h */ = {isa = PBXFileReference; fileEncoding = 4; lastKnownFileType = sourcecode.c.h; path = BLTAlertAction.h; sourceTree = "<group>"; };
		0DA6850F24188AC10018B78C /* BLTAlertController.h */ = {isa = PBXFileReference; fileEncoding = 4; lastKnownFileType = sourcecode.c.h; path = BLTAlertController.h; sourceTree = "<group>"; };
		0DA6851024188AC10018B78C /* BLTUI.h */ = {isa = PBXFileReference; fileEncoding = 4; lastKnownFileType = sourcecode.c.h; path = BLTUI.h; sourceTree = "<group>"; };
		0DA6851224188AC10018B78C /* .gitkeep */ = {isa = PBXFileReference; fileEncoding = 4; lastKnownFileType = text; path = .gitkeep; sourceTree = "<group>"; };
		0DA6851424188AC10018B78C /* BLTUICommonDefines.h */ = {isa = PBXFileReference; fileEncoding = 4; lastKnownFileType = sourcecode.c.h; path = BLTUICommonDefines.h; sourceTree = "<group>"; };
/* End PBXFileReference section */

/* Begin PBXFrameworksBuildPhase section */
		0D462A1A2408B9150067EBAE /* Frameworks */ = {
			isa = PBXFrameworksBuildPhase;
			buildActionMask = 2147483647;
			files = (
			);
			runOnlyForDeploymentPostprocessing = 0;
		};
		0D462A322408B9160067EBAE /* Frameworks */ = {
			isa = PBXFrameworksBuildPhase;
			buildActionMask = 2147483647;
			files = (
			);
			runOnlyForDeploymentPostprocessing = 0;
		};
		0D462A3D2408B9160067EBAE /* Frameworks */ = {
			isa = PBXFrameworksBuildPhase;
			buildActionMask = 2147483647;
			files = (
			);
			runOnlyForDeploymentPostprocessing = 0;
		};
/* End PBXFrameworksBuildPhase section */

/* Begin PBXGroup section */
		0D462A142408B9150067EBAE = {
			isa = PBXGroup;
			children = (
				0D462A1F2408B9150067EBAE /* Test */,
				0D462A382408B9160067EBAE /* TestTests */,
				0D462A432408B9160067EBAE /* TestUITests */,
				0D462A1E2408B9150067EBAE /* Products */,
			);
			sourceTree = "<group>";
		};
		0D462A1E2408B9150067EBAE /* Products */ = {
			isa = PBXGroup;
			children = (
				0D462A1D2408B9150067EBAE /* Test.app */,
				0D462A352408B9160067EBAE /* TestTests.xctest */,
				0D462A402408B9160067EBAE /* TestUITests.xctest */,
			);
			name = Products;
			sourceTree = "<group>";
		};
		0D462A1F2408B9150067EBAE /* Test */ = {
			isa = PBXGroup;
			children = (
				0D462A202408B9150067EBAE /* AppDelegate.h */,
				0D462A212408B9150067EBAE /* AppDelegate.m */,
				0D462A232408B9150067EBAE /* ViewController.h */,
				0D462A242408B9150067EBAE /* ViewController.m */,
				0DA6850024188AC10018B78C /* HelloRepoTest */,
				0D462A522408DFE40067EBAE /* Networking */,
				0D462A262408B9150067EBAE /* Main.storyboard */,
				0D462A292408B9160067EBAE /* Assets.xcassets */,
				0D462A2B2408B9160067EBAE /* LaunchScreen.storyboard */,
				0D462A2E2408B9160067EBAE /* Info.plist */,
				0D462A2F2408B9160067EBAE /* main.m */,
			);
			path = Test;
			sourceTree = "<group>";
		};
		0D462A382408B9160067EBAE /* TestTests */ = {
			isa = PBXGroup;
			children = (
				0D462A392408B9160067EBAE /* TestTests.m */,
				0D462A3B2408B9160067EBAE /* Info.plist */,
			);
			path = TestTests;
			sourceTree = "<group>";
		};
		0D462A432408B9160067EBAE /* TestUITests */ = {
			isa = PBXGroup;
			children = (
				0D462A442408B9160067EBAE /* TestUITests.m */,
				0D462A462408B9160067EBAE /* Info.plist */,
			);
			path = TestUITests;
			sourceTree = "<group>";
		};
		0D462A522408DFE40067EBAE /* Networking */ = {
			isa = PBXGroup;
			children = (
				0D462A532408E0080067EBAE /* Networking.h */,
				0D462A542408E0080067EBAE /* Networking.m */,
			);
			path = Networking;
			sourceTree = "<group>";
		};
		0DA6850024188AC10018B78C /* HelloRepoTest */ = {
			isa = PBXGroup;
			children = (
				0DA6850124188AC10018B78C /* UIButton */,
				0DA6850424188AC10018B78C /* Category */,
				0DA6850924188AC10018B78C /* Alert */,
				0DA6851024188AC10018B78C /* BLTUI.h */,
				0DA6851124188AC10018B78C /* Assets */,
				0DA6851324188AC10018B78C /* Header */,
			);
			path = HelloRepoTest;
			sourceTree = "<group>";
		};
		0DA6850124188AC10018B78C /* UIButton */ = {
			isa = PBXGroup;
			children = (
				0DA6850224188AC10018B78C /* BLTUIResponseAreaButton.h */,
				0DA6850324188AC10018B78C /* BLTUIResponseAreaButton.m */,
			);
			path = UIButton;
			sourceTree = "<group>";
		};
		0DA6850424188AC10018B78C /* Category */ = {
			isa = PBXGroup;
			children = (
				0DA6850524188AC10018B78C /* UIView+UITool.h */,
				0DA6850624188AC10018B78C /* UILabel+YBAttributeTextTapAction.h */,
				0DA6850724188AC10018B78C /* UILabel+YBAttributeTextTapAction.m */,
				0DA6850824188AC10018B78C /* UIView+UITool.m */,
			);
			path = Category;
			sourceTree = "<group>";
		};
		0DA6850924188AC10018B78C /* Alert */ = {
			isa = PBXGroup;
			children = (
				0DA6850A24188AC10018B78C /* BLTTextFieldView.m */,
				0DA6850B24188AC10018B78C /* BLTAlertAction.m */,
				0DA6850C24188AC10018B78C /* BLTAlertController.m */,
				0DA6850D24188AC10018B78C /* BLTTextFieldView.h */,
				0DA6850E24188AC10018B78C /* BLTAlertAction.h */,
				0DA6850F24188AC10018B78C /* BLTAlertController.h */,
			);
			path = Alert;
			sourceTree = "<group>";
		};
		0DA6851124188AC10018B78C /* Assets */ = {
			isa = PBXGroup;
			children = (
				0DA6851224188AC10018B78C /* .gitkeep */,
			);
			path = Assets;
			sourceTree = "<group>";
		};
		0DA6851324188AC10018B78C /* Header */ = {
			isa = PBXGroup;
			children = (
				0DA6851424188AC10018B78C /* BLTUICommonDefines.h */,
			);
			path = Header;
			sourceTree = "<group>";
		};
/* End PBXGroup section */

/* Begin PBXNativeTarget section */
		0D462A1C2408B9150067EBAE /* Test */ = {
			isa = PBXNativeTarget;
			buildConfigurationList = 0D462A492408B9160067EBAE /* Build configuration list for PBXNativeTarget "Test" */;
			buildPhases = (
				0D462A192408B9150067EBAE /* Sources */,
				0D462A1A2408B9150067EBAE /* Frameworks */,
				0D462A1B2408B9150067EBAE /* Resources */,
			);
			buildRules = (
			);
			dependencies = (
			);
			name = Test;
			productName = Test;
			productReference = 0D462A1D2408B9150067EBAE /* Test.app */;
			productType = "com.apple.product-type.application";
		};
		0D462A342408B9160067EBAE /* TestTests */ = {
			isa = PBXNativeTarget;
			buildConfigurationList = 0D462A4C2408B9160067EBAE /* Build configuration list for PBXNativeTarget "TestTests" */;
			buildPhases = (
				0D462A312408B9160067EBAE /* Sources */,
				0D462A322408B9160067EBAE /* Frameworks */,
				0D462A332408B9160067EBAE /* Resources */,
			);
			buildRules = (
			);
			dependencies = (
				0D462A372408B9160067EBAE /* PBXTargetDependency */,
			);
			name = TestTests;
			productName = TestTests;
			productReference = 0D462A352408B9160067EBAE /* TestTests.xctest */;
			productType = "com.apple.product-type.bundle.unit-test";
		};
		0D462A3F2408B9160067EBAE /* TestUITests */ = {
			isa = PBXNativeTarget;
			buildConfigurationList = 0D462A4F2408B9160067EBAE /* Build configuration list for PBXNativeTarget "TestUITests" */;
			buildPhases = (
				0D462A3C2408B9160067EBAE /* Sources */,
				0D462A3D2408B9160067EBAE /* Frameworks */,
				0D462A3E2408B9160067EBAE /* Resources */,
			);
			buildRules = (
			);
			dependencies = (
				0D462A422408B9160067EBAE /* PBXTargetDependency */,
			);
			name = TestUITests;
			productName = TestUITests;
			productReference = 0D462A402408B9160067EBAE /* TestUITests.xctest */;
			productType = "com.apple.product-type.bundle.ui-testing";
		};
/* End PBXNativeTarget section */

/* Begin PBXProject section */
		0D462A152408B9150067EBAE /* Project object */ = {
			isa = PBXProject;
			attributes = {
				LastUpgradeCheck = 1030;
				ORGANIZATIONNAME = baletu123;
				TargetAttributes = {
					0D462A1C2408B9150067EBAE = {
						CreatedOnToolsVersion = 10.3;
					};
					0D462A342408B9160067EBAE = {
						CreatedOnToolsVersion = 10.3;
						TestTargetID = 0D462A1C2408B9150067EBAE;
					};
					0D462A3F2408B9160067EBAE = {
						CreatedOnToolsVersion = 10.3;
						TestTargetID = 0D462A1C2408B9150067EBAE;
					};
				};
			};
			buildConfigurationList = 0D462A182408B9150067EBAE /* Build configuration list for PBXProject "Test" */;
			compatibilityVersion = "Xcode 9.3";
			developmentRegion = en;
			hasScannedForEncodings = 0;
			knownRegions = (
				en,
				Base,
			);
			mainGroup = 0D462A142408B9150067EBAE;
			productRefGroup = 0D462A1E2408B9150067EBAE /* Products */;
			projectDirPath = "";
			projectRoot = "";
			targets = (
				0D462A1C2408B9150067EBAE /* Test */,
				0D462A342408B9160067EBAE /* TestTests */,
				0D462A3F2408B9160067EBAE /* TestUITests */,
			);
		};
/* End PBXProject section */

/* Begin PBXResourcesBuildPhase section */
		0D462A1B2408B9150067EBAE /* Resources */ = {
			isa = PBXResourcesBuildPhase;
			buildActionMask = 2147483647;
			files = (
				0D462A2D2408B9160067EBAE /* LaunchScreen.storyboard in Resources */,
				0D462A2A2408B9160067EBAE /* Assets.xcassets in Resources */,
				0D462A282408B9150067EBAE /* Main.storyboard in Resources */,
				0DA6851B24188AC10018B78C /* .gitkeep in Resources */,
			);
			runOnlyForDeploymentPostprocessing = 0;
		};
		0D462A332408B9160067EBAE /* Resources */ = {
			isa = PBXResourcesBuildPhase;
			buildActionMask = 2147483647;
			files = (
			);
			runOnlyForDeploymentPostprocessing = 0;
		};
		0D462A3E2408B9160067EBAE /* Resources */ = {
			isa = PBXResourcesBuildPhase;
			buildActionMask = 2147483647;
			files = (
			);
			runOnlyForDeploymentPostprocessing = 0;
		};
/* End PBXResourcesBuildPhase section */

/* Begin PBXSourcesBuildPhase section */
		0D462A192408B9150067EBAE /* Sources */ = {
			isa = PBXSourcesBuildPhase;
			buildActionMask = 2147483647;
			files = (
				0DA6851724188AC10018B78C /* UIView+UITool.m in Sources */,
				0D462A252408B9150067EBAE /* ViewController.m in Sources */,
				0D462A302408B9160067EBAE /* main.m in Sources */,
				0DA6851824188AC10018B78C /* BLTTextFieldView.m in Sources */,
				0D462A222408B9150067EBAE /* AppDelegate.m in Sources */,
				0DA6851624188AC10018B78C /* UILabel+YBAttributeTextTapAction.m in Sources */,
				0DA6851524188AC10018B78C /* BLTUIResponseAreaButton.m in Sources */,
				0DA6851A24188AC10018B78C /* BLTAlertController.m in Sources */,
				0DA6851924188AC10018B78C /* BLTAlertAction.m in Sources */,
				0D462A552408E0080067EBAE /* Networking.m in Sources */,
			);
			runOnlyForDeploymentPostprocessing = 0;
		};
		0D462A312408B9160067EBAE /* Sources */ = {
			isa = PBXSourcesBuildPhase;
			buildActionMask = 2147483647;
			files = (
				0D462A3A2408B9160067EBAE /* TestTests.m in Sources */,
			);
			runOnlyForDeploymentPostprocessing = 0;
		};
		0D462A3C2408B9160067EBAE /* Sources */ = {
			isa = PBXSourcesBuildPhase;
			buildActionMask = 2147483647;
			files = (
				0D462A452408B9160067EBAE /* TestUITests.m in Sources */,
			);
			runOnlyForDeploymentPostprocessing = 0;
		};
/* End PBXSourcesBuildPhase section */

/* Begin PBXTargetDependency section */
		0D462A372408B9160067EBAE /* PBXTargetDependency */ = {
			isa = PBXTargetDependency;
			target = 0D462A1C2408B9150067EBAE /* Test */;
			targetProxy = 0D462A362408B9160067EBAE /* PBXContainerItemProxy */;
		};
		0D462A422408B9160067EBAE /* PBXTargetDependency */ = {
			isa = PBXTargetDependency;
			target = 0D462A1C2408B9150067EBAE /* Test */;
			targetProxy = 0D462A412408B9160067EBAE /* PBXContainerItemProxy */;
		};
/* End PBXTargetDependency section */

/* Begin PBXVariantGroup section */
		0D462A262408B9150067EBAE /* Main.storyboard */ = {
			isa = PBXVariantGroup;
			children = (
				0D462A272408B9150067EBAE /* Base */,
			);
			name = Main.storyboard;
			sourceTree = "<group>";
		};
		0D462A2B2408B9160067EBAE /* LaunchScreen.storyboard */ = {
			isa = PBXVariantGroup;
			children = (
				0D462A2C2408B9160067EBAE /* Base */,
			);
			name = LaunchScreen.storyboard;
			sourceTree = "<group>";
		};
/* End PBXVariantGroup section */

/* Begin XCBuildConfiguration section */
		0D462A472408B9160067EBAE /* Debug */ = {
			isa = XCBuildConfiguration;
			buildSettings = {
				ALWAYS_SEARCH_USER_PATHS = NO;
				CLANG_ANALYZER_NONNULL = YES;
				CLANG_ANALYZER_NUMBER_OBJECT_CONVERSION = YES_AGGRESSIVE;
				CLANG_CXX_LANGUAGE_STANDARD = "gnu++14";
				CLANG_CXX_LIBRARY = "libc++";
				CLANG_ENABLE_MODULES = YES;
				CLANG_ENABLE_OBJC_ARC = YES;
				CLANG_ENABLE_OBJC_WEAK = YES;
				CLANG_WARN_BLOCK_CAPTURE_AUTORELEASING = YES;
				CLANG_WARN_BOOL_CONVERSION = YES;
				CLANG_WARN_COMMA = YES;
				CLANG_WARN_CONSTANT_CONVERSION = YES;
				CLANG_WARN_DEPRECATED_OBJC_IMPLEMENTATIONS = YES;
				CLANG_WARN_DIRECT_OBJC_ISA_USAGE = YES_ERROR;
				CLANG_WARN_DOCUMENTATION_COMMENTS = YES;
				CLANG_WARN_EMPTY_BODY = YES;
				CLANG_WARN_ENUM_CONVERSION = YES;
				CLANG_WARN_INFINITE_RECURSION = YES;
				CLANG_WARN_INT_CONVERSION = YES;
				CLANG_WARN_NON_LITERAL_NULL_CONVERSION = YES;
				CLANG_WARN_OBJC_IMPLICIT_RETAIN_SELF = YES;
				CLANG_WARN_OBJC_LITERAL_CONVERSION = YES;
				CLANG_WARN_OBJC_ROOT_CLASS = YES_ERROR;
				CLANG_WARN_RANGE_LOOP_ANALYSIS = YES;
				CLANG_WARN_STRICT_PROTOTYPES = YES;
				CLANG_WARN_SUSPICIOUS_MOVE = YES;
				CLANG_WARN_UNGUARDED_AVAILABILITY = YES_AGGRESSIVE;
				CLANG_WARN_UNREACHABLE_CODE = YES;
				CLANG_WARN__DUPLICATE_METHOD_MATCH = YES;
				CODE_SIGN_IDENTITY = "iPhone Developer";
				COPY_PHASE_STRIP = NO;
				DEBUG_INFORMATION_FORMAT = dwarf;
				ENABLE_STRICT_OBJC_MSGSEND = YES;
				ENABLE_TESTABILITY = YES;
				GCC_C_LANGUAGE_STANDARD = gnu11;
				GCC_DYNAMIC_NO_PIC = NO;
				GCC_NO_COMMON_BLOCKS = YES;
				GCC_OPTIMIZATION_LEVEL = 0;
				GCC_PREPROCESSOR_DEFINITIONS = (
					"DEBUG=1",
					"$(inherited)",
				);
				GCC_WARN_64_TO_32_BIT_CONVERSION = YES;
				GCC_WARN_ABOUT_RETURN_TYPE = YES_ERROR;
				GCC_WARN_UNDECLARED_SELECTOR = YES;
				GCC_WARN_UNINITIALIZED_AUTOS = YES_AGGRESSIVE;
				GCC_WARN_UNUSED_FUNCTION = YES;
				GCC_WARN_UNUSED_VARIABLE = YES;
				IPHONEOS_DEPLOYMENT_TARGET = 12.4;
				MTL_ENABLE_DEBUG_INFO = INCLUDE_SOURCE;
				MTL_FAST_MATH = YES;
				ONLY_ACTIVE_ARCH = YES;
				SDKROOT = iphoneos;
			};
			name = Debug;
		};
		0D462A482408B9160067EBAE /* Release */ = {
			isa = XCBuildConfiguration;
			buildSettings = {
				ALWAYS_SEARCH_USER_PATHS = NO;
				CLANG_ANALYZER_NONNULL = YES;
				CLANG_ANALYZER_NUMBER_OBJECT_CONVERSION = YES_AGGRESSIVE;
				CLANG_CXX_LANGUAGE_STANDARD = "gnu++14";
				CLANG_CXX_LIBRARY = "libc++";
				CLANG_ENABLE_MODULES = YES;
				CLANG_ENABLE_OBJC_ARC = YES;
				CLANG_ENABLE_OBJC_WEAK = YES;
				CLANG_WARN_BLOCK_CAPTURE_AUTORELEASING = YES;
				CLANG_WARN_BOOL_CONVERSION = YES;
				CLANG_WARN_COMMA = YES;
				CLANG_WARN_CONSTANT_CONVERSION = YES;
				CLANG_WARN_DEPRECATED_OBJC_IMPLEMENTATIONS = YES;
				CLANG_WARN_DIRECT_OBJC_ISA_USAGE = YES_ERROR;
				CLANG_WARN_DOCUMENTATION_COMMENTS = YES;
				CLANG_WARN_EMPTY_BODY = YES;
				CLANG_WARN_ENUM_CONVERSION = YES;
				CLANG_WARN_INFINITE_RECURSION = YES;
				CLANG_WARN_INT_CONVERSION = YES;
				CLANG_WARN_NON_LITERAL_NULL_CONVERSION = YES;
				CLANG_WARN_OBJC_IMPLICIT_RETAIN_SELF = YES;
				CLANG_WARN_OBJC_LITERAL_CONVERSION = YES;
				CLANG_WARN_OBJC_ROOT_CLASS = YES_ERROR;
				CLANG_WARN_RANGE_LOOP_ANALYSIS = YES;
				CLANG_WARN_STRICT_PROTOTYPES = YES;
				CLANG_WARN_SUSPICIOUS_MOVE = YES;
				CLANG_WARN_UNGUARDED_AVAILABILITY = YES_AGGRESSIVE;
				CLANG_WARN_UNREACHABLE_CODE = YES;
				CLANG_WARN__DUPLICATE_METHOD_MATCH = YES;
				CODE_SIGN_IDENTITY = "iPhone Developer";
				COPY_PHASE_STRIP = NO;
				DEBUG_INFORMATION_FORMAT = "dwarf-with-dsym";
				ENABLE_NS_ASSERTIONS = NO;
				ENABLE_STRICT_OBJC_MSGSEND = YES;
				GCC_C_LANGUAGE_STANDARD = gnu11;
				GCC_NO_COMMON_BLOCKS = YES;
				GCC_WARN_64_TO_32_BIT_CONVERSION = YES;
				GCC_WARN_ABOUT_RETURN_TYPE = YES_ERROR;
				GCC_WARN_UNDECLARED_SELECTOR = YES;
				GCC_WARN_UNINITIALIZED_AUTOS = YES_AGGRESSIVE;
				GCC_WARN_UNUSED_FUNCTION = YES;
				GCC_WARN_UNUSED_VARIABLE = YES;
				IPHONEOS_DEPLOYMENT_TARGET = 12.4;
				MTL_ENABLE_DEBUG_INFO = NO;
				MTL_FAST_MATH = YES;
				SDKROOT = iphoneos;
				VALIDATE_PRODUCT = YES;
			};
			name = Release;
		};
		0D462A4A2408B9160067EBAE /* Debug */ = {
			isa = XCBuildConfiguration;
			buildSettings = {
				ASSETCATALOG_COMPILER_APPICON_NAME = AppIcon;
				CODE_SIGN_STYLE = Automatic;
				INFOPLIST_FILE = Test/Info.plist;
				LD_RUNPATH_SEARCH_PATHS = (
					"$(inherited)",
					"@executable_path/Frameworks",
				);
				PRODUCT_BUNDLE_IDENTIFIER = com.runloopObserver.Test;
				PRODUCT_NAME = "$(TARGET_NAME)";
				TARGETED_DEVICE_FAMILY = "1,2";
			};
			name = Debug;
		};
		0D462A4B2408B9160067EBAE /* Release */ = {
			isa = XCBuildConfiguration;
			buildSettings = {
				ASSETCATALOG_COMPILER_APPICON_NAME = AppIcon;
				CODE_SIGN_STYLE = Automatic;
				INFOPLIST_FILE = Test/Info.plist;
				LD_RUNPATH_SEARCH_PATHS = (
					"$(inherited)",
					"@executable_path/Frameworks",
				);
				PRODUCT_BUNDLE_IDENTIFIER = com.runloopObserver.Test;
				PRODUCT_NAME = "$(TARGET_NAME)";
				TARGETED_DEVICE_FAMILY = "1,2";
			};
			name = Release;
		};
		0D462A4D2408B9160067EBAE /* Debug */ = {
			isa = XCBuildConfiguration;
			buildSettings = {
				BUNDLE_LOADER = "$(TEST_HOST)";
				CODE_SIGN_STYLE = Automatic;
				INFOPLIST_FILE = TestTests/Info.plist;
				LD_RUNPATH_SEARCH_PATHS = (
					"$(inherited)",
					"@executable_path/Frameworks",
					"@loader_path/Frameworks",
				);
				PRODUCT_BUNDLE_IDENTIFIER = com.runloopObserver.TestTests;
				PRODUCT_NAME = "$(TARGET_NAME)";
				TARGETED_DEVICE_FAMILY = "1,2";
				TEST_HOST = "$(BUILT_PRODUCTS_DIR)/Test.app/Test";
			};
			name = Debug;
		};
		0D462A4E2408B9160067EBAE /* Release */ = {
			isa = XCBuildConfiguration;
			buildSettings = {
				BUNDLE_LOADER = "$(TEST_HOST)";
				CODE_SIGN_STYLE = Automatic;
				INFOPLIST_FILE = TestTests/Info.plist;
				LD_RUNPATH_SEARCH_PATHS = (
					"$(inherited)",
					"@executable_path/Frameworks",
					"@loader_path/Frameworks",
				);
				PRODUCT_BUNDLE_IDENTIFIER = com.runloopObserver.TestTests;
				PRODUCT_NAME = "$(TARGET_NAME)";
				TARGETED_DEVICE_FAMILY = "1,2";
				TEST_HOST = "$(BUILT_PRODUCTS_DIR)/Test.app/Test";
			};
			name = Release;
		};
		0D462A502408B9160067EBAE /* Debug */ = {
			isa = XCBuildConfiguration;
			buildSettings = {
				CODE_SIGN_STYLE = Automatic;
				INFOPLIST_FILE = TestUITests/Info.plist;
				LD_RUNPATH_SEARCH_PATHS = (
					"$(inherited)",
					"@executable_path/Frameworks",
					"@loader_path/Frameworks",
				);
				PRODUCT_BUNDLE_IDENTIFIER = com.runloopObserver.TestUITests;
				PRODUCT_NAME = "$(TARGET_NAME)";
				TARGETED_DEVICE_FAMILY = "1,2";
				TEST_TARGET_NAME = Test;
			};
			name = Debug;
		};
		0D462A512408B9160067EBAE /* Release */ = {
			isa = XCBuildConfiguration;
			buildSettings = {
				CODE_SIGN_STYLE = Automatic;
				INFOPLIST_FILE = TestUITests/Info.plist;
				LD_RUNPATH_SEARCH_PATHS = (
					"$(inherited)",
					"@executable_path/Frameworks",
					"@loader_path/Frameworks",
				);
				PRODUCT_BUNDLE_IDENTIFIER = com.runloopObserver.TestUITests;
				PRODUCT_NAME = "$(TARGET_NAME)";
				TARGETED_DEVICE_FAMILY = "1,2";
				TEST_TARGET_NAME = Test;
			};
			name = Release;
		};
/* End XCBuildConfiguration section */

/* Begin XCConfigurationList section */
		0D462A182408B9150067EBAE /* Build configuration list for PBXProject "Test" */ = {
			isa = XCConfigurationList;
			buildConfigurations = (
				0D462A472408B9160067EBAE /* Debug */,
				0D462A482408B9160067EBAE /* Release */,
			);
			defaultConfigurationIsVisible = 0;
			defaultConfigurationName = Release;
		};
		0D462A492408B9160067EBAE /* Build configuration list for PBXNativeTarget "Test" */ = {
			isa = XCConfigurationList;
			buildConfigurations = (
				0D462A4A2408B9160067EBAE /* Debug */,
				0D462A4B2408B9160067EBAE /* Release */,
			);
			defaultConfigurationIsVisible = 0;
			defaultConfigurationName = Release;
		};
		0D462A4C2408B9160067EBAE /* Build configuration list for PBXNativeTarget "TestTests" */ = {
			isa = XCConfigurationList;
			buildConfigurations = (
				0D462A4D2408B9160067EBAE /* Debug */,
				0D462A4E2408B9160067EBAE /* Release */,
			);
			defaultConfigurationIsVisible = 0;
			defaultConfigurationName = Release;
		};
		0D462A4F2408B9160067EBAE /* Build configuration list for PBXNativeTarget "TestUITests" */ = {
			isa = XCConfigurationList;
			buildConfigurations = (
				0D462A502408B9160067EBAE /* Debug */,
				0D462A512408B9160067EBAE /* Release */,
			);
			defaultConfigurationIsVisible = 0;
			defaultConfigurationName = Release;
		};
/* End XCConfigurationList section */
	};
	rootObject = 0D462A152408B9150067EBAE /* Project object */;
}
